
Microsoft Visual Studio Solution File, Format Version 12.00
# Visual Studio 15
VisualStudioVersion = 15.0.28307.168
MinimumVisualStudioVersion = 10.0.40219.1
Project("{9A19103F-16F7-4668-BE54-9A1E7A4F7556}") = "OnlineFishShop.Web", "OnlineFishShop.Web\OnlineFishShop.Web.csproj", "{A0ADA1EB-F005-4C3E-8096-9730A0092369}"
EndProject
Project("{9A19103F-16F7-4668-BE54-9A1E7A4F7556}") = "OnlineFishShop.Data", "OnlineFishShop.Data\OnlineFishShop.Data.csproj", "{A5497D53-465D-4CFF-A279-DA49BD299F64}"
EndProject
Project("{9A19103F-16F7-4668-BE54-9A1E7A4F7556}") = "OnlineFishShop.Tests", "OnlineFishShop.Tests\OnlineFishShop.Tests.csproj", "{2EDD6BC1-BA4C-41FE-BC45-0A680A49FE27}"
EndProject
Project("{FAE04EC0-301F-11D3-BF4B-00C04F79EFBC}") = "OnlineFishShop.Common", "OnlineFishShop.Common\OnlineFishShop.Common.csproj", "{3BCEAE9A-FF9C-4A15-9E99-93585D35798F}"
EndProject
Project("{FAE04EC0-301F-11D3-BF4B-00C04F79EFBC}") = "OnlineFishShop.Services", "OnlineFishShop.Services\OnlineFishShop.Services.csproj", "{DFB1E3E0-C655-4A6B-9224-0D71A061E4CD}"
EndProject
Global
	GlobalSection(SolutionConfigurationPlatforms) = preSolution
		Debug|Any CPU = Debug|Any CPU
		Release|Any CPU = Release|Any CPU
	EndGlobalSection
	GlobalSection(ProjectConfigurationPlatforms) = postSolution
		{A0ADA1EB-F005-4C3E-8096-9730A0092369}.Debug|Any CPU.ActiveCfg = Debug|Any CPU
		{A0ADA1EB-F005-4C3E-8096-9730A0092369}.Debug|Any CPU.Build.0 = Debug|Any CPU
		{A0ADA1EB-F005-4C3E-8096-9730A0092369}.Release|Any CPU.ActiveCfg = Release|Any CPU
		{A0ADA1EB-F005-4C3E-8096-9730A0092369}.Release|Any CPU.Build.0 = Release|Any CPU
		{A5497D53-465D-4CFF-A279-DA49BD299F64}.Debug|Any CPU.ActiveCfg = Debug|Any CPU
		{A5497D53-465D-4CFF-A279-DA49BD299F64}.Debug|Any CPU.Build.0 = Debug|Any CPU
		{A5497D53-465D-4CFF-A279-DA49BD299F64}.Release|Any CPU.ActiveCfg = Release|Any CPU
		{A5497D53-465D-4CFF-A279-DA49BD299F64}.Release|Any CPU.Build.0 = Release|Any CPU
		{2EDD6BC1-BA4C-41FE-BC45-0A680A49FE27}.Debug|Any CPU.ActiveCfg = Debug|Any CPU
		{2EDD6BC1-BA4C-41FE-BC45-0A680A49FE27}.Debug|Any CPU.Build.0 = Debug|Any CPU
		{2EDD6BC1-BA4C-41FE-BC45-0A680A49FE27}.Release|Any CPU.ActiveCfg = Release|Any CPU
		{2EDD6BC1-BA4C-41FE-BC45-0A680A49FE27}.Release|Any CPU.Build.0 = Release|Any CPU
		{3BCEAE9A-FF9C-4A15-9E99-93585D35798F}.Debug|Any CPU.ActiveCfg = Debug|Any CPU
		{3BCEAE9A-FF9C-4A15-9E99-93585D35798F}.Debug|Any CPU.Build.0 = Debug|Any CPU
		{3BCEAE9A-FF9C-4A15-9E99-93585D35798F}.Release|Any CPU.ActiveCfg = Release|Any CPU
		{3BCEAE9A-FF9C-4A15-9E99-93585D35798F}.Release|Any CPU.Build.0 = Release|Any CPU
		{DFB1E3E0-C655-4A6B-9224-0D71A061E4CD}.Debug|Any CPU.ActiveCfg = Debug|Any CPU
		{DFB1E3E0-C655-4A6B-9224-0D71A061E4CD}.Debug|Any CPU.Build.0 = Debug|Any CPU
		{DFB1E3E0-C655-4A6B-9224-0D71A061E4CD}.Release|Any CPU.ActiveCfg = Release|Any CPU
		{DFB1E3E0-C655-4A6B-9224-0D71A061E4CD}.Release|Any CPU.Build.0 = Release|Any CPU
	EndGlobalSection
	GlobalSection(SolutionProperties) = preSolution
		HideSolutionNode = FALSE
	EndGlobalSection
	GlobalSection(ExtensibilityGlobals) = postSolution
		SolutionGuid = {7F3D24E6-575D-4D37-A3ED-DA2EB853154D}
	EndGlobalSection
EndGlobal
